
Microsoft Visual Studio Solution File, Format Version 12.00
# Visual Studio Version 17
VisualStudioVersion = 17.3.32922.545
MinimumVisualStudioVersion = 10.0.40219.1
Project("{FAE04EC0-301F-11D3-BF4B-00C04F79EFBC}") = "Urda_Simina_Lab1", "Urda_Simina_Lab1.csproj", "{920C7B88-E101-4C73-8E27-336BE6B6F30D}"
EndProject
Global
	GlobalSection(SolutionConfigurationPlatforms) = preSolution
		Debug|Any CPU = Debug|Any CPU
		Release|Any CPU = Release|Any CPU
	EndGlobalSection
	GlobalSection(ProjectConfigurationPlatforms) = postSolution
		{920C7B88-E101-4C73-8E27-336BE6B6F30D}.Debug|Any CPU.ActiveCfg = Debug|Any CPU
		{920C7B88-E101-4C73-8E27-336BE6B6F30D}.Debug|Any CPU.Build.0 = Debug|Any CPU
		{920C7B88-E101-4C73-8E27-336BE6B6F30D}.Release|Any CPU.ActiveCfg = Release|Any CPU
		{920C7B88-E101-4C73-8E27-336BE6B6F30D}.Release|Any CPU.Build.0 = Release|Any CPU
	EndGlobalSection
	GlobalSection(SolutionProperties) = preSolution
		HideSolutionNode = FALSE
	EndGlobalSection
	GlobalSection(ExtensibilityGlobals) = postSolution
		SolutionGuid = {9D4178B7-D315-4316-973C-073CC2144E8B}
	EndGlobalSection
EndGlobal
